
Microsoft Visual Studio Solution File, Format Version 12.00
# Visual Studio Version 17
VisualStudioVersion = 17.14.36603.0
MinimumVisualStudioVersion = 10.0.40219.1
Project("{FAE04EC0-301F-11D3-BF4B-00C04F79EFBC}") = "MacroCreator", "MacroCreator\MacroCreator.csproj", "{654EA094-F63C-40B4-8C57-7E84EE403BEA}"
EndProject
Project("{FAE04EC0-301F-11D3-BF4B-00C04F79EFBC}") = "MacroScript", "MacroScript\MacroScript.csproj", "{5CEB116B-CE28-4A48-A7A4-C60E2C52ACCC}"
EndProject
Project("{FAE04EC0-301F-11D3-BF4B-00C04F79EFBC}") = "MacroScriptTests", "MacroScriptTests\MacroScriptTests.csproj", "{1F149D44-A632-4D1D-A5C7-50FD509EE424}"
EndProject
Project("{2150E333-8FDC-42A3-9474-1A3956D46DE8}") = "Solution Items", "Solution Items", "{02EA681E-C7D8-13C7-8484-4AC65E1B71E8}"
	ProjectSection(SolutionItems) = preProject
		.editorconfig = .editorconfig
	EndProjectSection
EndProject
Project("{FAE04EC0-301F-11D3-BF4B-00C04F79EFBC}") = "MacroCreatorCore", "MacroCreatorCore\MacroCreatorCore.csproj", "{CC6918A2-4F02-4AE4-9F7E-DEF442BEFEFC}"
EndProject
Global
	GlobalSection(SolutionConfigurationPlatforms) = preSolution
		Debug|Any CPU = Debug|Any CPU
		Release|Any CPU = Release|Any CPU
	EndGlobalSection
	GlobalSection(ProjectConfigurationPlatforms) = postSolution
		{654EA094-F63C-40B4-8C57-7E84EE403BEA}.Debug|Any CPU.ActiveCfg = Debug|Any CPU
		{654EA094-F63C-40B4-8C57-7E84EE403BEA}.Debug|Any CPU.Build.0 = Debug|Any CPU
		{654EA094-F63C-40B4-8C57-7E84EE403BEA}.Release|Any CPU.ActiveCfg = Release|Any CPU
		{654EA094-F63C-40B4-8C57-7E84EE403BEA}.Release|Any CPU.Build.0 = Release|Any CPU
		{5CEB116B-CE28-4A48-A7A4-C60E2C52ACCC}.Debug|Any CPU.ActiveCfg = Debug|Any CPU
		{5CEB116B-CE28-4A48-A7A4-C60E2C52ACCC}.Debug|Any CPU.Build.0 = Debug|Any CPU
		{5CEB116B-CE28-4A48-A7A4-C60E2C52ACCC}.Release|Any CPU.ActiveCfg = Release|Any CPU
		{5CEB116B-CE28-4A48-A7A4-C60E2C52ACCC}.Release|Any CPU.Build.0 = Release|Any CPU
		{1F149D44-A632-4D1D-A5C7-50FD509EE424}.Debug|Any CPU.ActiveCfg = Debug|Any CPU
		{1F149D44-A632-4D1D-A5C7-50FD509EE424}.Debug|Any CPU.Build.0 = Debug|Any CPU
		{1F149D44-A632-4D1D-A5C7-50FD509EE424}.Release|Any CPU.ActiveCfg = Release|Any CPU
		{1F149D44-A632-4D1D-A5C7-50FD509EE424}.Release|Any CPU.Build.0 = Release|Any CPU
		{CC6918A2-4F02-4AE4-9F7E-DEF442BEFEFC}.Debug|Any CPU.ActiveCfg = Debug|Any CPU
		{CC6918A2-4F02-4AE4-9F7E-DEF442BEFEFC}.Debug|Any CPU.Build.0 = Debug|Any CPU
		{CC6918A2-4F02-4AE4-9F7E-DEF442BEFEFC}.Release|Any CPU.ActiveCfg = Release|Any CPU
		{CC6918A2-4F02-4AE4-9F7E-DEF442BEFEFC}.Release|Any CPU.Build.0 = Release|Any CPU
	EndGlobalSection
	GlobalSection(SolutionProperties) = preSolution
		HideSolutionNode = FALSE
	EndGlobalSection
	GlobalSection(ExtensibilityGlobals) = postSolution
		SolutionGuid = {44F3B30B-CA38-4F03-BCE3-88D752020F00}
	EndGlobalSection
EndGlobal
